// !$*UTF8*$!
{
	archiveVersion = 1;
	classes = {
	};
	objectVersion = 77;
	objects = {

/* Begin PBXContainerItemProxy section */
		76BEE8A52D6FC44E00CECE0C /* PBXContainerItemProxy */ = {
			isa = PBXContainerItemProxy;
			containerPortal = 76BEE88C2D6FC44C00CECE0C /* Project object */;
			proxyType = 1;
			remoteGlobalIDString = 76BEE8932D6FC44C00CECE0C;
			remoteInfo = Photos2025;
		};
		76BEE8AF2D6FC44E00CECE0C /* PBXContainerItemProxy */ = {
			isa = PBXContainerItemProxy;
			containerPortal = 76BEE88C2D6FC44C00CECE0C /* Project object */;
			proxyType = 1;
			remoteGlobalIDString = 76BEE8932D6FC44C00CECE0C;
			remoteInfo = Photos2025;
		};
/* End PBXContainerItemProxy section */

/* Begin PBXFileReference section */
		76BEE8942D6FC44C00CECE0C /* Photos2025.app */ = {isa = PBXFileReference; explicitFileType = wrapper.application; includeInIndex = 0; path = Photos2025.app; sourceTree = BUILT_PRODUCTS_DIR; };
		76BEE8A42D6FC44E00CECE0C /* Photos2025Tests.xctest */ = {isa = PBXFileReference; explicitFileType = wrapper.cfbundle; includeInIndex = 0; path = Photos2025Tests.xctest; sourceTree = BUILT_PRODUCTS_DIR; };
		76BEE8AE2D6FC44E00CECE0C /* Photos2025UITests.xctest */ = {isa = PBXFileReference; explicitFileType = wrapper.cfbundle; includeInIndex = 0; path = Photos2025UITests.xctest; sourceTree = BUILT_PRODUCTS_DIR; };
/* End PBXFileReference section */

/* Begin PBXFileSystemSynchronizedRootGroup section */
		76BEE8962D6FC44C00CECE0C /* Photos2025 */ = {
			isa = PBXFileSystemSynchronizedRootGroup;
			path = Photos2025;
			sourceTree = "<group>";
		};
		76BEE8A72D6FC44E00CECE0C /* Photos2025Tests */ = {
			isa = PBXFileSystemSynchronizedRootGroup;
			path = Photos2025Tests;
			sourceTree = "<group>";
		};
		76BEE8B12D6FC44E00CECE0C /* Photos2025UITests */ = {
			isa = PBXFileSystemSynchronizedRootGroup;
			path = Photos2025UITests;
			sourceTree = "<group>";
		};
/* End PBXFileSystemSynchronizedRootGroup section */

/* Begin PBXFrameworksBuildPhase section */
		76BEE8912D6FC44C00CECE0C /* Frameworks */ = {
			isa = PBXFrameworksBuildPhase;
			buildActionMask = 2147483647;
			files = (
			);
			runOnlyForDeploymentPostprocessing = 0;
		};
		76BEE8A12D6FC44E00CECE0C /* Frameworks */ = {
			isa = PBXFrameworksBuildPhase;
			buildActionMask = 2147483647;
			files = (
			);
			runOnlyForDeploymentPostprocessing = 0;
		};
		76BEE8AB2D6FC44E00CECE0C /* Frameworks */ = {
			isa = PBXFrameworksBuildPhase;
			buildActionMask = 2147483647;
			files = (
			);
			runOnlyForDeploymentPostprocessing = 0;
		};
/* End PBXFrameworksBuildPhase section */

/* Begin PBXGroup section */
		76BEE88B2D6FC44C00CECE0C = {
			isa = PBXGroup;
			children = (
				76BEE8962D6FC44C00CECE0C /* Photos2025 */,
				76BEE8A72D6FC44E00CECE0C /* Photos2025Tests */,
				76BEE8B12D6FC44E00CECE0C /* Photos2025UITests */,
				76BEE8952D6FC44C00CECE0C /* Products */,
			);
			sourceTree = "<group>";
		};
		76BEE8952D6FC44C00CECE0C /* Products */ = {
			isa = PBXGroup;
			children = (
				76BEE8942D6FC44C00CECE0C /* Photos2025.app */,
				76BEE8A42D6FC44E00CECE0C /* Photos2025Tests.xctest */,
				76BEE8AE2D6FC44E00CECE0C /* Photos2025UITests.xctest */,
			);
			name = Products;
			sourceTree = "<group>";
		};
/* End PBXGroup section */

/* Begin PBXNativeTarget section */
		76BEE8932D6FC44C00CECE0C /* Photos2025 */ = {
			isa = PBXNativeTarget;
			buildConfigurationList = 76BEE8B82D6FC44E00CECE0C /* Build configuration list for PBXNativeTarget "Photos2025" */;
			buildPhases = (
				76BEE8902D6FC44C00CECE0C /* Sources */,
				76BEE8912D6FC44C00CECE0C /* Frameworks */,
				76BEE8922D6FC44C00CECE0C /* Resources */,
			);
			buildRules = (
			);
			dependencies = (
			);
			fileSystemSynchronizedGroups = (
				76BEE8962D6FC44C00CECE0C /* Photos2025 */,
			);
			name = Photos2025;
			packageProductDependencies = (
			);
			productName = Photos2025;
			productReference = 76BEE8942D6FC44C00CECE0C /* Photos2025.app */;
			productType = "com.apple.product-type.application";
		};
		76BEE8A32D6FC44E00CECE0C /* Photos2025Tests */ = {
			isa = PBXNativeTarget;
			buildConfigurationList = 76BEE8BB2D6FC44E00CECE0C /* Build configuration list for PBXNativeTarget "Photos2025Tests" */;
			buildPhases = (
				76BEE8A02D6FC44E00CECE0C /* Sources */,
				76BEE8A12D6FC44E00CECE0C /* Frameworks */,
				76BEE8A22D6FC44E00CECE0C /* Resources */,
			);
			buildRules = (
			);
			dependencies = (
				76BEE8A62D6FC44E00CECE0C /* PBXTargetDependency */,
			);
			fileSystemSynchronizedGroups = (
				76BEE8A72D6FC44E00CECE0C /* Photos2025Tests */,
			);
			name = Photos2025Tests;
			packageProductDependencies = (
			);
			productName = Photos2025Tests;
			productReference = 76BEE8A42D6FC44E00CECE0C /* Photos2025Tests.xctest */;
			productType = "com.apple.product-type.bundle.unit-test";
		};
		76BEE8AD2D6FC44E00CECE0C /* Photos2025UITests */ = {
			isa = PBXNativeTarget;
			buildConfigurationList = 76BEE8BE2D6FC44E00CECE0C /* Build configuration list for PBXNativeTarget "Photos2025UITests" */;
			buildPhases = (
				76BEE8AA2D6FC44E00CECE0C /* Sources */,
				76BEE8AB2D6FC44E00CECE0C /* Frameworks */,
				76BEE8AC2D6FC44E00CECE0C /* Resources */,
			);
			buildRules = (
			);
			dependencies = (
				76BEE8B02D6FC44E00CECE0C /* PBXTargetDependency */,
			);
			fileSystemSynchronizedGroups = (
				76BEE8B12D6FC44E00CECE0C /* Photos2025UITests */,
			);
			name = Photos2025UITests;
			packageProductDependencies = (
			);
			productName = Photos2025UITests;
			productReference = 76BEE8AE2D6FC44E00CECE0C /* Photos2025UITests.xctest */;
			productType = "com.apple.product-type.bundle.ui-testing";
		};
/* End PBXNativeTarget section */

/* Begin PBXProject section */
		76BEE88C2D6FC44C00CECE0C /* Project object */ = {
			isa = PBXProject;
			attributes = {
				BuildIndependentTargetsInParallel = 1;
				LastSwiftUpdateCheck = 1620;
				LastUpgradeCheck = 1620;
				TargetAttributes = {
					76BEE8932D6FC44C00CECE0C = {
						CreatedOnToolsVersion = 16.2;
					};
					76BEE8A32D6FC44E00CECE0C = {
						CreatedOnToolsVersion = 16.2;
						TestTargetID = 76BEE8932D6FC44C00CECE0C;
					};
					76BEE8AD2D6FC44E00CECE0C = {
						CreatedOnToolsVersion = 16.2;
						TestTargetID = 76BEE8932D6FC44C00CECE0C;
					};
				};
			};
			buildConfigurationList = 76BEE88F2D6FC44C00CECE0C /* Build configuration list for PBXProject "Photos2025" */;
			developmentRegion = en;
			hasScannedForEncodings = 0;
			knownRegions = (
				en,
				Base,
			);
			mainGroup = 76BEE88B2D6FC44C00CECE0C;
			minimizedProjectReferenceProxies = 1;
			preferredProjectObjectVersion = 77;
			productRefGroup = 76BEE8952D6FC44C00CECE0C /* Products */;
			projectDirPath = "";
			projectRoot = "";
			targets = (
				76BEE8932D6FC44C00CECE0C /* Photos2025 */,
				76BEE8A32D6FC44E00CECE0C /* Photos2025Tests */,
				76BEE8AD2D6FC44E00CECE0C /* Photos2025UITests */,
			);
		};
/* End PBXProject section */

/* Begin PBXResourcesBuildPhase section */
		76BEE8922D6FC44C00CECE0C /* Resources */ = {
			isa = PBXResourcesBuildPhase;
			buildActionMask = 2147483647;
			files = (
			);
			runOnlyForDeploymentPostprocessing = 0;
		};
		76BEE8A22D6FC44E00CECE0C /* Resources */ = {
			isa = PBXResourcesBuildPhase;
			buildActionMask = 2147483647;
			files = (
			);
			runOnlyForDeploymentPostprocessing = 0;
		};
		76BEE8AC2D6FC44E00CECE0C /* Resources */ = {
			isa = PBXResourcesBuildPhase;
			buildActionMask = 2147483647;
			files = (
			);
			runOnlyForDeploymentPostprocessing = 0;
		};
/* End PBXResourcesBuildPhase section */

/* Begin PBXSourcesBuildPhase section */
		76BEE8902D6FC44C00CECE0C /* Sources */ = {
			isa = PBXSourcesBuildPhase;
			buildActionMask = 2147483647;
			files = (
			);
			runOnlyForDeploymentPostprocessing = 0;
		};
		76BEE8A02D6FC44E00CECE0C /* Sources */ = {
			isa = PBXSourcesBuildPhase;
			buildActionMask = 2147483647;
			files = (
			);
			runOnlyForDeploymentPostprocessing = 0;
		};
		76BEE8AA2D6FC44E00CECE0C /* Sources */ = {
			isa = PBXSourcesBuildPhase;
			buildActionMask = 2147483647;
			files = (
			);
			runOnlyForDeploymentPostprocessing = 0;
		};
/* End PBXSourcesBuildPhase section */

/* Begin PBXTargetDependency section */
		76BEE8A62D6FC44E00CECE0C /* PBXTargetDependency */ = {
			isa = PBXTargetDependency;
			target = 76BEE8932D6FC44C00CECE0C /* Photos2025 */;
			targetProxy = 76BEE8A52D6FC44E00CECE0C /* PBXContainerItemProxy */;
		};
		76BEE8B02D6FC44E00CECE0C /* PBXTargetDependency */ = {
			isa = PBXTargetDependency;
			target = 76BEE8932D6FC44C00CECE0C /* Photos2025 */;
			targetProxy = 76BEE8AF2D6FC44E00CECE0C /* PBXContainerItemProxy */;
		};
/* End PBXTargetDependency section */

/* Begin XCBuildConfiguration section */
		76BEE8B62D6FC44E00CECE0C /* Debug */ = {
			isa = XCBuildConfiguration;
			buildSettings = {
				ALWAYS_SEARCH_USER_PATHS = NO;
				ASSETCATALOG_COMPILER_GENERATE_SWIFT_ASSET_SYMBOL_EXTENSIONS = YES;
				CLANG_ANALYZER_NONNULL = YES;
				CLANG_ANALYZER_NUMBER_OBJECT_CONVERSION = YES_AGGRESSIVE;
				CLANG_CXX_LANGUAGE_STANDARD = "gnu++20";
				CLANG_ENABLE_MODULES = YES;
				CLANG_ENABLE_OBJC_ARC = YES;
				CLANG_ENABLE_OBJC_WEAK = YES;
				CLANG_WARN_BLOCK_CAPTURE_AUTORELEASING = YES;
				CLANG_WARN_BOOL_CONVERSION = YES;
				CLANG_WARN_COMMA = YES;
				CLANG_WARN_CONSTANT_CONVERSION = YES;
				CLANG_WARN_DEPRECATED_OBJC_IMPLEMENTATIONS = YES;
				CLANG_WARN_DIRECT_OBJC_ISA_USAGE = YES_ERROR;
				CLANG_WARN_DOCUMENTATION_COMMENTS = YES;
				CLANG_WARN_EMPTY_BODY = YES;
				CLANG_WARN_ENUM_CONVERSION = YES;
				CLANG_WARN_INFINITE_RECURSION = YES;
				CLANG_WARN_INT_CONVERSION = YES;
				CLANG_WARN_NON_LITERAL_NULL_CONVERSION = YES;
				CLANG_WARN_OBJC_IMPLICIT_RETAIN_SELF = YES;
				CLANG_WARN_OBJC_LITERAL_CONVERSION = YES;
				CLANG_WARN_OBJC_ROOT_CLASS = YES_ERROR;
				CLANG_WARN_QUOTED_INCLUDE_IN_FRAMEWORK_HEADER = YES;
				CLANG_WARN_RANGE_LOOP_ANALYSIS = YES;
				CLANG_WARN_STRICT_PROTOTYPES = YES;
				CLANG_WARN_SUSPICIOUS_MOVE = YES;
				CLANG_WARN_UNGUARDED_AVAILABILITY = YES_AGGRESSIVE;
				CLANG_WARN_UNREACHABLE_CODE = YES;
				CLANG_WARN__DUPLICATE_METHOD_MATCH = YES;
				COPY_PHASE_STRIP = NO;
				DEBUG_INFORMATION_FORMAT = dwarf;
				ENABLE_STRICT_OBJC_MSGSEND = YES;
				ENABLE_TESTABILITY = YES;
				ENABLE_USER_SCRIPT_SANDBOXING = YES;
				GCC_C_LANGUAGE_STANDARD = gnu17;
				GCC_DYNAMIC_NO_PIC = NO;
				GCC_NO_COMMON_BLOCKS = YES;
				GCC_OPTIMIZATION_LEVEL = 0;
				GCC_PREPROCESSOR_DEFINITIONS = (
					"DEBUG=1",
					"$(inherited)",
				);
				GCC_WARN_64_TO_32_BIT_CONVERSION = YES;
				GCC_WARN_ABOUT_RETURN_TYPE = YES_ERROR;
				GCC_WARN_UNDECLARED_SELECTOR = YES;
				GCC_WARN_UNINITIALIZED_AUTOS = YES_AGGRESSIVE;
				GCC_WARN_UNUSED_FUNCTION = YES;
				GCC_WARN_UNUSED_VARIABLE = YES;
				IPHONEOS_DEPLOYMENT_TARGET = 18.2;
				LOCALIZATION_PREFERS_STRING_CATALOGS = YES;
				MTL_ENABLE_DEBUG_INFO = INCLUDE_SOURCE;
				MTL_FAST_MATH = YES;
				ONLY_ACTIVE_ARCH = YES;
				SDKROOT = iphoneos;
				SWIFT_ACTIVE_COMPILATION_CONDITIONS = "DEBUG $(inherited)";
				SWIFT_OPTIMIZATION_LEVEL = "-Onone";
			};
			name = Debug;
		};
		76BEE8B72D6FC44E00CECE0C /* Release */ = {
			isa = XCBuildConfiguration;
			buildSettings = {
				ALWAYS_SEARCH_USER_PATHS = NO;
				ASSETCATALOG_COMPILER_GENERATE_SWIFT_ASSET_SYMBOL_EXTENSIONS = YES;
				CLANG_ANALYZER_NONNULL = YES;
				CLANG_ANALYZER_NUMBER_OBJECT_CONVERSION = YES_AGGRESSIVE;
				CLANG_CXX_LANGUAGE_STANDARD = "gnu++20";
				CLANG_ENABLE_MODULES = YES;
				CLANG_ENABLE_OBJC_ARC = YES;
				CLANG_ENABLE_OBJC_WEAK = YES;
				CLANG_WARN_BLOCK_CAPTURE_AUTORELEASING = YES;
				CLANG_WARN_BOOL_CONVERSION = YES;
				CLANG_WARN_COMMA = YES;
				CLANG_WARN_CONSTANT_CONVERSION = YES;
				CLANG_WARN_DEPRECATED_OBJC_IMPLEMENTATIONS = YES;
				CLANG_WARN_DIRECT_OBJC_ISA_USAGE = YES_ERROR;
				CLANG_WARN_DOCUMENTATION_COMMENTS = YES;
				CLANG_WARN_EMPTY_BODY = YES;
				CLANG_WARN_ENUM_CONVERSION = YES;
				CLANG_WARN_INFINITE_RECURSION = YES;
				CLANG_WARN_INT_CONVERSION = YES;
				CLANG_WARN_NON_LITERAL_NULL_CONVERSION = YES;
				CLANG_WARN_OBJC_IMPLICIT_RETAIN_SELF = YES;
				CLANG_WARN_OBJC_LITERAL_CONVERSION = YES;
				CLANG_WARN_OBJC_ROOT_CLASS = YES_ERROR;
				CLANG_WARN_QUOTED_INCLUDE_IN_FRAMEWORK_HEADER = YES;
				CLANG_WARN_RANGE_LOOP_ANALYSIS = YES;
				CLANG_WARN_STRICT_PROTOTYPES = YES;
				CLANG_WARN_SUSPICIOUS_MOVE = YES;
				CLANG_WARN_UNGUARDED_AVAILABILITY = YES_AGGRESSIVE;
				CLANG_WARN_UNREACHABLE_CODE = YES;
				CLANG_WARN__DUPLICATE_METHOD_MATCH = YES;
				COPY_PHASE_STRIP = NO;
				DEBUG_INFORMATION_FORMAT = "dwarf-with-dsym";
				ENABLE_NS_ASSERTIONS = NO;
				ENABLE_STRICT_OBJC_MSGSEND = YES;
				ENABLE_USER_SCRIPT_SANDBOXING = YES;
				GCC_C_LANGUAGE_STANDARD = gnu17;
				GCC_NO_COMMON_BLOCKS = YES;
				GCC_WARN_64_TO_32_BIT_CONVERSION = YES;
				GCC_WARN_ABOUT_RETURN_TYPE = YES_ERROR;
				GCC_WARN_UNDECLARED_SELECTOR = YES;
				GCC_WARN_UNINITIALIZED_AUTOS = YES_AGGRESSIVE;
				GCC_WARN_UNUSED_FUNCTION = YES;
				GCC_WARN_UNUSED_VARIABLE = YES;
				IPHONEOS_DEPLOYMENT_TARGET = 18.2;
				LOCALIZATION_PREFERS_STRING_CATALOGS = YES;
				MTL_ENABLE_DEBUG_INFO = NO;
				MTL_FAST_MATH = YES;
				SDKROOT = iphoneos;
				SWIFT_COMPILATION_MODE = wholemodule;
				VALIDATE_PRODUCT = YES;
			};
			name = Release;
		};
		76BEE8B92D6FC44E00CECE0C /* Debug */ = {
			isa = XCBuildConfiguration;
			buildSettings = {
				ASSETCATALOG_COMPILER_APPICON_NAME = AppIcon;
				ASSETCATALOG_COMPILER_GLOBAL_ACCENT_COLOR_NAME = AccentColor;
				CODE_SIGN_STYLE = Automatic;
				CURRENT_PROJECT_VERSION = 1;
				DEVELOPMENT_ASSET_PATHS = "\"Photos2025/Preview Content\"";
				ENABLE_PREVIEWS = YES;
				GENERATE_INFOPLIST_FILE = YES;
				INFOPLIST_KEY_UIApplicationSceneManifest_Generation = YES;
				INFOPLIST_KEY_UIApplicationSupportsIndirectInputEvents = YES;
				INFOPLIST_KEY_UILaunchScreen_Generation = YES;
				INFOPLIST_KEY_UISupportedInterfaceOrientations_iPad = "UIInterfaceOrientationPortrait UIInterfaceOrientationPortraitUpsideDown UIInterfaceOrientationLandscapeLeft UIInterfaceOrientationLandscapeRight";
				INFOPLIST_KEY_UISupportedInterfaceOrientations_iPhone = "UIInterfaceOrientationPortrait UIInterfaceOrientationLandscapeLeft UIInterfaceOrientationLandscapeRight";
				LD_RUNPATH_SEARCH_PATHS = (
					"$(inherited)",
					"@executable_path/Frameworks",
				);
				MARKETING_VERSION = 1.0;
				PRODUCT_BUNDLE_IDENTIFIER = ca.camosun.ics.C0515260.Photos2025;
				PRODUCT_NAME = "$(TARGET_NAME)";
				SWIFT_EMIT_LOC_STRINGS = YES;
				SWIFT_VERSION = 5.0;
				TARGETED_DEVICE_FAMILY = "1,2";
			};
			name = Debug;
		};
		76BEE8BA2D6FC44E00CECE0C /* Release */ = {
			isa = XCBuildConfiguration;
			buildSettings = {
				ASSETCATALOG_COMPILER_APPICON_NAME = AppIcon;
				ASSETCATALOG_COMPILER_GLOBAL_ACCENT_COLOR_NAME = AccentColor;
				CODE_SIGN_STYLE = Automatic;
				CURRENT_PROJECT_VERSION = 1;
				DEVELOPMENT_ASSET_PATHS = "\"Photos2025/Preview Content\"";
				ENABLE_PREVIEWS = YES;
				GENERATE_INFOPLIST_FILE = YES;
				INFOPLIST_KEY_UIApplicationSceneManifest_Generation = YES;
				INFOPLIST_KEY_UIApplicationSupportsIndirectInputEvents = YES;
				INFOPLIST_KEY_UILaunchScreen_Generation = YES;
				INFOPLIST_KEY_UISupportedInterfaceOrientations_iPad = "UIInterfaceOrientationPortrait UIInterfaceOrientationPortraitUpsideDown UIInterfaceOrientationLandscapeLeft UIInterfaceOrientationLandscapeRight";
				INFOPLIST_KEY_UISupportedInterfaceOrientations_iPhone = "UIInterfaceOrientationPortrait UIInterfaceOrientationLandscapeLeft UIInterfaceOrientationLandscapeRight";
				LD_RUNPATH_SEARCH_PATHS = (
					"$(inherited)",
					"@executable_path/Frameworks",
				);
				MARKETING_VERSION = 1.0;
				PRODUCT_BUNDLE_IDENTIFIER = ca.camosun.ics.C0515260.Photos2025;
				PRODUCT_NAME = "$(TARGET_NAME)";
				SWIFT_EMIT_LOC_STRINGS = YES;
				SWIFT_VERSION = 5.0;
				TARGETED_DEVICE_FAMILY = "1,2";
			};
			name = Release;
		};
		76BEE8BC2D6FC44E00CECE0C /* Debug */ = {
			isa = XCBuildConfiguration;
			buildSettings = {
				BUNDLE_LOADER = "$(TEST_HOST)";
				CODE_SIGN_STYLE = Automatic;
				CURRENT_PROJECT_VERSION = 1;
				GENERATE_INFOPLIST_FILE = YES;
				IPHONEOS_DEPLOYMENT_TARGET = 18.2;
				MARKETING_VERSION = 1.0;
				PRODUCT_BUNDLE_IDENTIFIER = ca.camosun.ics.C0515260.Photos2025Tests;
				PRODUCT_NAME = "$(TARGET_NAME)";
				SWIFT_EMIT_LOC_STRINGS = NO;
				SWIFT_VERSION = 5.0;
				TARGETED_DEVICE_FAMILY = "1,2";
				TEST_HOST = "$(BUILT_PRODUCTS_DIR)/Photos2025.app/$(BUNDLE_EXECUTABLE_FOLDER_PATH)/Photos2025";
			};
			name = Debug;
		};
		76BEE8BD2D6FC44E00CECE0C /* Release */ = {
			isa = XCBuildConfiguration;
			buildSettings = {
				BUNDLE_LOADER = "$(TEST_HOST)";
				CODE_SIGN_STYLE = Automatic;
				CURRENT_PROJECT_VERSION = 1;
				GENERATE_INFOPLIST_FILE = YES;
				IPHONEOS_DEPLOYMENT_TARGET = 18.2;
				MARKETING_VERSION = 1.0;
				PRODUCT_BUNDLE_IDENTIFIER = ca.camosun.ics.C0515260.Photos2025Tests;
				PRODUCT_NAME = "$(TARGET_NAME)";
				SWIFT_EMIT_LOC_STRINGS = NO;
				SWIFT_VERSION = 5.0;
				TARGETED_DEVICE_FAMILY = "1,2";
				TEST_HOST = "$(BUILT_PRODUCTS_DIR)/Photos2025.app/$(BUNDLE_EXECUTABLE_FOLDER_PATH)/Photos2025";
			};
			name = Release;
		};
		76BEE8BF2D6FC44E00CECE0C /* Debug */ = {
			isa = XCBuildConfiguration;
			buildSettings = {
				CODE_SIGN_STYLE = Automatic;
				CURRENT_PROJECT_VERSION = 1;
				GENERATE_INFOPLIST_FILE = YES;
				MARKETING_VERSION = 1.0;
				PRODUCT_BUNDLE_IDENTIFIER = ca.camosun.ics.C0515260.Photos2025UITests;
				PRODUCT_NAME = "$(TARGET_NAME)";
				SWIFT_EMIT_LOC_STRINGS = NO;
				SWIFT_VERSION = 5.0;
				TARGETED_DEVICE_FAMILY = "1,2";
				TEST_TARGET_NAME = Photos2025;
			};
			name = Debug;
		};
		76BEE8C02D6FC44E00CECE0C /* Release */ = {
			isa = XCBuildConfiguration;
			buildSettings = {
				CODE_SIGN_STYLE = Automatic;
				CURRENT_PROJECT_VERSION = 1;
				GENERATE_INFOPLIST_FILE = YES;
				MARKETING_VERSION = 1.0;
				PRODUCT_BUNDLE_IDENTIFIER = ca.camosun.ics.C0515260.Photos2025UITests;
				PRODUCT_NAME = "$(TARGET_NAME)";
				SWIFT_EMIT_LOC_STRINGS = NO;
				SWIFT_VERSION = 5.0;
				TARGETED_DEVICE_FAMILY = "1,2";
				TEST_TARGET_NAME = Photos2025;
			};
			name = Release;
		};
/* End XCBuildConfiguration section */

/* Begin XCConfigurationList section */
		76BEE88F2D6FC44C00CECE0C /* Build configuration list for PBXProject "Photos2025" */ = {
			isa = XCConfigurationList;
			buildConfigurations = (
				76BEE8B62D6FC44E00CECE0C /* Debug */,
				76BEE8B72D6FC44E00CECE0C /* Release */,
			);
			defaultConfigurationIsVisible = 0;
			defaultConfigurationName = Release;
		};
		76BEE8B82D6FC44E00CECE0C /* Build configuration list for PBXNativeTarget "Photos2025" */ = {
			isa = XCConfigurationList;
			buildConfigurations = (
				76BEE8B92D6FC44E00CECE0C /* Debug */,
				76BEE8BA2D6FC44E00CECE0C /* Release */,
			);
			defaultConfigurationIsVisible = 0;
			defaultConfigurationName = Release;
		};
		76BEE8BB2D6FC44E00CECE0C /* Build configuration list for PBXNativeTarget "Photos2025Tests" */ = {
			isa = XCConfigurationList;
			buildConfigurations = (
				76BEE8BC2D6FC44E00CECE0C /* Debug */,
				76BEE8BD2D6FC44E00CECE0C /* Release */,
			);
			defaultConfigurationIsVisible = 0;
			defaultConfigurationName = Release;
		};
		76BEE8BE2D6FC44E00CECE0C /* Build configuration list for PBXNativeTarget "Photos2025UITests" */ = {
			isa = XCConfigurationList;
			buildConfigurations = (
				76BEE8BF2D6FC44E00CECE0C /* Debug */,
				76BEE8C02D6FC44E00CECE0C /* Release */,
			);
			defaultConfigurationIsVisible = 0;
			defaultConfigurationName = Release;
		};
/* End XCConfigurationList section */
	};
	rootObject = 76BEE88C2D6FC44C00CECE0C /* Project object */;
}
